
Microsoft Visual Studio Solution File, Format Version 12.00
# Visual Studio 15
VisualStudioVersion = 15.0.28307.572
MinimumVisualStudioVersion = 10.0.40219.1
Project("{FAE04EC0-301F-11D3-BF4B-00C04F79EFBC}") = "StressTestResultParser", "StressTestResultParser\StressTestResultParser.csproj", "{DF2F8C5D-F23E-41B1-93AE-07DF425D27F8}"
EndProject
Global
	GlobalSection(SolutionConfigurationPlatforms) = preSolution
		Debug|Any CPU = Debug|Any CPU
		Release|Any CPU = Release|Any CPU
	EndGlobalSection
	GlobalSection(ProjectConfigurationPlatforms) = postSolution
		{DF2F8C5D-F23E-41B1-93AE-07DF425D27F8}.Debug|Any CPU.ActiveCfg = Debug|Any CPU
		{DF2F8C5D-F23E-41B1-93AE-07DF425D27F8}.Debug|Any CPU.Build.0 = Debug|Any CPU
		{DF2F8C5D-F23E-41B1-93AE-07DF425D27F8}.Release|Any CPU.ActiveCfg = Release|Any CPU
		{DF2F8C5D-F23E-41B1-93AE-07DF425D27F8}.Release|Any CPU.Build.0 = Release|Any CPU
	EndGlobalSection
	GlobalSection(SolutionProperties) = preSolution
		HideSolutionNode = FALSE
	EndGlobalSection
	GlobalSection(ExtensibilityGlobals) = postSolution
		SolutionGuid = {61587902-D607-41B8-98FC-484B905C8A32}
	EndGlobalSection
EndGlobal
